
Microsoft Visual Studio Solution File, Format Version 12.00
# Visual Studio Version 16
VisualStudioVersion = 16.0.30114.105
MinimumVisualStudioVersion = 10.0.40219.1
Project("{FAE04EC0-301F-11D3-BF4B-00C04F79EFBC}") = "Rubybooru", "Rubybooru\Rubybooru.csproj", "{FFD35269-09B3-4097-B293-902A1A2175CE}"
EndProject
Project("{FAE04EC0-301F-11D3-BF4B-00C04F79EFBC}") = "Rubybooru.Core", "Rubybooru.Core\Rubybooru.Core.csproj", "{0AB7C6BB-5E08-4DAA-907B-70CC2A3A9FE2}"
EndProject
Project("{FAE04EC0-301F-11D3-BF4B-00C04F79EFBC}") = "Rubybooru.Data", "Rubybooru.Data\Rubybooru.Data.csproj", "{B78646DA-B265-402E-8207-7EC10D68093B}"
EndProject
Project("{FAE04EC0-301F-11D3-BF4B-00C04F79EFBC}") = "Rubybooru.Images", "Rubybooru.Images\Rubybooru.Images.csproj", "{2C96D39D-F71D-4D2F-A012-BECB53FB6DCD}"
EndProject
Project("{FAE04EC0-301F-11D3-BF4B-00C04F79EFBC}") = "Rubybooru.Console", "Rubybooru.Console\Rubybooru.Console.csproj", "{34995BC5-4C35-49AA-A355-E02874523D1D}"
EndProject
Global
	GlobalSection(SolutionConfigurationPlatforms) = preSolution
		Debug|Any CPU = Debug|Any CPU
		Release|Any CPU = Release|Any CPU
	EndGlobalSection
	GlobalSection(ProjectConfigurationPlatforms) = postSolution
		{FFD35269-09B3-4097-B293-902A1A2175CE}.Debug|Any CPU.ActiveCfg = Debug|Any CPU
		{FFD35269-09B3-4097-B293-902A1A2175CE}.Debug|Any CPU.Build.0 = Debug|Any CPU
		{FFD35269-09B3-4097-B293-902A1A2175CE}.Release|Any CPU.ActiveCfg = Release|Any CPU
		{FFD35269-09B3-4097-B293-902A1A2175CE}.Release|Any CPU.Build.0 = Release|Any CPU
		{0AB7C6BB-5E08-4DAA-907B-70CC2A3A9FE2}.Debug|Any CPU.ActiveCfg = Debug|Any CPU
		{0AB7C6BB-5E08-4DAA-907B-70CC2A3A9FE2}.Debug|Any CPU.Build.0 = Debug|Any CPU
		{0AB7C6BB-5E08-4DAA-907B-70CC2A3A9FE2}.Release|Any CPU.ActiveCfg = Release|Any CPU
		{0AB7C6BB-5E08-4DAA-907B-70CC2A3A9FE2}.Release|Any CPU.Build.0 = Release|Any CPU
		{B78646DA-B265-402E-8207-7EC10D68093B}.Debug|Any CPU.ActiveCfg = Debug|Any CPU
		{B78646DA-B265-402E-8207-7EC10D68093B}.Debug|Any CPU.Build.0 = Debug|Any CPU
		{B78646DA-B265-402E-8207-7EC10D68093B}.Release|Any CPU.ActiveCfg = Release|Any CPU
		{B78646DA-B265-402E-8207-7EC10D68093B}.Release|Any CPU.Build.0 = Release|Any CPU
		{2C96D39D-F71D-4D2F-A012-BECB53FB6DCD}.Debug|Any CPU.ActiveCfg = Debug|Any CPU
		{2C96D39D-F71D-4D2F-A012-BECB53FB6DCD}.Debug|Any CPU.Build.0 = Debug|Any CPU
		{2C96D39D-F71D-4D2F-A012-BECB53FB6DCD}.Release|Any CPU.ActiveCfg = Release|Any CPU
		{2C96D39D-F71D-4D2F-A012-BECB53FB6DCD}.Release|Any CPU.Build.0 = Release|Any CPU
		{34995BC5-4C35-49AA-A355-E02874523D1D}.Debug|Any CPU.ActiveCfg = Debug|Any CPU
		{34995BC5-4C35-49AA-A355-E02874523D1D}.Debug|Any CPU.Build.0 = Debug|Any CPU
		{34995BC5-4C35-49AA-A355-E02874523D1D}.Release|Any CPU.ActiveCfg = Release|Any CPU
		{34995BC5-4C35-49AA-A355-E02874523D1D}.Release|Any CPU.Build.0 = Release|Any CPU
	EndGlobalSection
	GlobalSection(SolutionProperties) = preSolution
		HideSolutionNode = FALSE
	EndGlobalSection
	GlobalSection(ExtensibilityGlobals) = postSolution
		SolutionGuid = {375A7EDF-6B60-4294-BC27-9DF2A8788A20}
	EndGlobalSection
EndGlobal
