
Microsoft Visual Studio Solution File, Format Version 12.00
# Visual Studio Version 16
VisualStudioVersion = 16.0.30114.105
MinimumVisualStudioVersion = 10.0.40219.1
Project("{FAE04EC0-301F-11D3-BF4B-00C04F79EFBC}") = "Rubybooru", "Rubybooru\Rubybooru.csproj", "{FFD35269-09B3-4097-B293-902A1A2175CE}"
EndProject
Global
	GlobalSection(SolutionConfigurationPlatforms) = preSolution
		Debug|Any CPU = Debug|Any CPU
		Release|Any CPU = Release|Any CPU
	EndGlobalSection
	GlobalSection(ProjectConfigurationPlatforms) = postSolution
		{FFD35269-09B3-4097-B293-902A1A2175CE}.Debug|Any CPU.ActiveCfg = Debug|Any CPU
		{FFD35269-09B3-4097-B293-902A1A2175CE}.Debug|Any CPU.Build.0 = Debug|Any CPU
		{FFD35269-09B3-4097-B293-902A1A2175CE}.Release|Any CPU.ActiveCfg = Release|Any CPU
		{FFD35269-09B3-4097-B293-902A1A2175CE}.Release|Any CPU.Build.0 = Release|Any CPU
	EndGlobalSection
	GlobalSection(SolutionProperties) = preSolution
		HideSolutionNode = FALSE
	EndGlobalSection
	GlobalSection(ExtensibilityGlobals) = postSolution
		SolutionGuid = {375A7EDF-6B60-4294-BC27-9DF2A8788A20}
	EndGlobalSection
EndGlobal
